
Microsoft Visual Studio Solution File, Format Version 12.00
# Visual Studio Version 17
VisualStudioVersion = 17.9.34728.123
MinimumVisualStudioVersion = 10.0.40219.1
Project("{FAE04EC0-301F-11D3-BF4B-00C04F79EFBC}") = "Text-Morse Morse-Text", "Text-Morse Morse-Text\Text-Morse Morse-Text.csproj", "{E317839B-9F3C-4EED-AB38-81F2FACAD582}"
EndProject
Global
	GlobalSection(SolutionConfigurationPlatforms) = preSolution
		Debug|Any CPU = Debug|Any CPU
		Release|Any CPU = Release|Any CPU
	EndGlobalSection
	GlobalSection(ProjectConfigurationPlatforms) = postSolution
		{E317839B-9F3C-4EED-AB38-81F2FACAD582}.Debug|Any CPU.ActiveCfg = Debug|Any CPU
		{E317839B-9F3C-4EED-AB38-81F2FACAD582}.Debug|Any CPU.Build.0 = Debug|Any CPU
		{E317839B-9F3C-4EED-AB38-81F2FACAD582}.Release|Any CPU.ActiveCfg = Release|Any CPU
		{E317839B-9F3C-4EED-AB38-81F2FACAD582}.Release|Any CPU.Build.0 = Release|Any CPU
	EndGlobalSection
	GlobalSection(SolutionProperties) = preSolution
		HideSolutionNode = FALSE
	EndGlobalSection
	GlobalSection(ExtensibilityGlobals) = postSolution
		SolutionGuid = {8B56C7C4-D428-4D10-93FA-228B08ABB41B}
	EndGlobalSection
EndGlobal
